
Microsoft Visual Studio Solution File, Format Version 12.00
# Visual Studio Version 17
VisualStudioVersion = 17.9.34622.214
MinimumVisualStudioVersion = 10.0.40219.1
Project("{888888A0-9F3D-457C-B088-3A5042F75D52}") = "ExcelPy", "ExcelPy\ExcelPy.pyproj", "{E3C5BDA8-2C0A-445A-87D7-A4D20BD17E7C}"
EndProject
Project("{8BC9CEB8-8B4A-11D0-8D11-00A0C91BC942}") = "CppAPI", "CppAPI\CppAPI.vcxproj", "{A8A8CDB9-8687-449B-B1B5-986069379F2A}"
EndProject
Global
	GlobalSection(SolutionConfigurationPlatforms) = preSolution
		Debug|Any CPU = Debug|Any CPU
		Debug|x64 = Debug|x64
		Debug|x86 = Debug|x86
		Release|Any CPU = Release|Any CPU
		Release|x64 = Release|x64
		Release|x86 = Release|x86
	EndGlobalSection
	GlobalSection(ProjectConfigurationPlatforms) = postSolution
		{E3C5BDA8-2C0A-445A-87D7-A4D20BD17E7C}.Debug|Any CPU.ActiveCfg = Release|Any CPU
		{E3C5BDA8-2C0A-445A-87D7-A4D20BD17E7C}.Debug|x64.ActiveCfg = Debug|Any CPU
		{E3C5BDA8-2C0A-445A-87D7-A4D20BD17E7C}.Debug|x86.ActiveCfg = Debug|Any CPU
		{E3C5BDA8-2C0A-445A-87D7-A4D20BD17E7C}.Release|Any CPU.ActiveCfg = Release|Any CPU
		{E3C5BDA8-2C0A-445A-87D7-A4D20BD17E7C}.Release|x64.ActiveCfg = Release|Any CPU
		{E3C5BDA8-2C0A-445A-87D7-A4D20BD17E7C}.Release|x86.ActiveCfg = Release|Any CPU
		{A8A8CDB9-8687-449B-B1B5-986069379F2A}.Debug|Any CPU.ActiveCfg = Debug|x64
		{A8A8CDB9-8687-449B-B1B5-986069379F2A}.Debug|Any CPU.Build.0 = Debug|x64
		{A8A8CDB9-8687-449B-B1B5-986069379F2A}.Debug|x64.ActiveCfg = Debug|x64
		{A8A8CDB9-8687-449B-B1B5-986069379F2A}.Debug|x64.Build.0 = Debug|x64
		{A8A8CDB9-8687-449B-B1B5-986069379F2A}.Debug|x86.ActiveCfg = Debug|Win32
		{A8A8CDB9-8687-449B-B1B5-986069379F2A}.Debug|x86.Build.0 = Debug|Win32
		{A8A8CDB9-8687-449B-B1B5-986069379F2A}.Release|Any CPU.ActiveCfg = Release|x64
		{A8A8CDB9-8687-449B-B1B5-986069379F2A}.Release|Any CPU.Build.0 = Release|x64
		{A8A8CDB9-8687-449B-B1B5-986069379F2A}.Release|x64.ActiveCfg = Release|x64
		{A8A8CDB9-8687-449B-B1B5-986069379F2A}.Release|x64.Build.0 = Release|x64
		{A8A8CDB9-8687-449B-B1B5-986069379F2A}.Release|x86.ActiveCfg = Release|Win32
		{A8A8CDB9-8687-449B-B1B5-986069379F2A}.Release|x86.Build.0 = Release|Win32
	EndGlobalSection
	GlobalSection(SolutionProperties) = preSolution
		HideSolutionNode = FALSE
	EndGlobalSection
	GlobalSection(ExtensibilityGlobals) = postSolution
		SolutionGuid = {158BC3E1-E892-4212-BA24-BA2CBEA6A617}
	EndGlobalSection
EndGlobal
